// !$*UTF8*$!
{
	archiveVersion = 1;
	classes = {
	};
	objectVersion = 50;
	objects = {

/* Begin PBXBuildFile section */
		BC765745233BCFFE00EB3560 /* AppDelegate.swift in Sources */ = {isa = PBXBuildFile; fileRef = BC765744233BCFFE00EB3560 /* AppDelegate.swift */; };
		BC765747233BCFFE00EB3560 /* ViewController.swift in Sources */ = {isa = PBXBuildFile; fileRef = BC765746233BCFFE00EB3560 /* ViewController.swift */; };
		BC76574A233BCFFE00EB3560 /* Main.storyboard in Resources */ = {isa = PBXBuildFile; fileRef = BC765748233BCFFE00EB3560 /* Main.storyboard */; };
		BC76574C233BD00000EB3560 /* Assets.xcassets in Resources */ = {isa = PBXBuildFile; fileRef = BC76574B233BD00000EB3560 /* Assets.xcassets */; };
		BC76574F233BD00000EB3560 /* LaunchScreen.storyboard in Resources */ = {isa = PBXBuildFile; fileRef = BC76574D233BD00000EB3560 /* LaunchScreen.storyboard */; };
		BC765757233BD06E00EB3560 /* Libro.swift in Sources */ = {isa = PBXBuildFile; fileRef = BC765756233BD06E00EB3560 /* Libro.swift */; };
		BC765759233BD77C00EB3560 /* Usuario.swift in Sources */ = {isa = PBXBuildFile; fileRef = BC765758233BD77C00EB3560 /* Usuario.swift */; };
/* End PBXBuildFile section */

/* Begin PBXFileReference section */
		BC765741233BCFFE00EB3560 /* optionalsProject.app */ = {isa = PBXFileReference; explicitFileType = wrapper.application; includeInIndex = 0; path = optionalsProject.app; sourceTree = BUILT_PRODUCTS_DIR; };
		BC765744233BCFFE00EB3560 /* AppDelegate.swift */ = {isa = PBXFileReference; lastKnownFileType = sourcecode.swift; path = AppDelegate.swift; sourceTree = "<group>"; };
		BC765746233BCFFE00EB3560 /* ViewController.swift */ = {isa = PBXFileReference; lastKnownFileType = sourcecode.swift; path = ViewController.swift; sourceTree = "<group>"; };
		BC765749233BCFFE00EB3560 /* Base */ = {isa = PBXFileReference; lastKnownFileType = file.storyboard; name = Base; path = Base.lproj/Main.storyboard; sourceTree = "<group>"; };
		BC76574B233BD00000EB3560 /* Assets.xcassets */ = {isa = PBXFileReference; lastKnownFileType = folder.assetcatalog; path = Assets.xcassets; sourceTree = "<group>"; };
		BC76574E233BD00000EB3560 /* Base */ = {isa = PBXFileReference; lastKnownFileType = file.storyboard; name = Base; path = Base.lproj/LaunchScreen.storyboard; sourceTree = "<group>"; };
		BC765750233BD00000EB3560 /* Info.plist */ = {isa = PBXFileReference; lastKnownFileType = text.plist.xml; path = Info.plist; sourceTree = "<group>"; };
		BC765756233BD06E00EB3560 /* Libro.swift */ = {isa = PBXFileReference; lastKnownFileType = sourcecode.swift; path = Libro.swift; sourceTree = "<group>"; };
		BC765758233BD77C00EB3560 /* Usuario.swift */ = {isa = PBXFileReference; lastKnownFileType = sourcecode.swift; path = Usuario.swift; sourceTree = "<group>"; };
/* End PBXFileReference section */

/* Begin PBXFrameworksBuildPhase section */
		BC76573E233BCFFE00EB3560 /* Frameworks */ = {
			isa = PBXFrameworksBuildPhase;
			buildActionMask = 2147483647;
			files = (
			);
			runOnlyForDeploymentPostprocessing = 0;
		};
/* End PBXFrameworksBuildPhase section */

/* Begin PBXGroup section */
		BC765738233BCFFE00EB3560 = {
			isa = PBXGroup;
			children = (
				BC765743233BCFFE00EB3560 /* optionalsProject */,
				BC765742233BCFFE00EB3560 /* Products */,
			);
			sourceTree = "<group>";
		};
		BC765742233BCFFE00EB3560 /* Products */ = {
			isa = PBXGroup;
			children = (
				BC765741233BCFFE00EB3560 /* optionalsProject.app */,
			);
			name = Products;
			sourceTree = "<group>";
		};
		BC765743233BCFFE00EB3560 /* optionalsProject */ = {
			isa = PBXGroup;
			children = (
				BC765744233BCFFE00EB3560 /* AppDelegate.swift */,
				BC765746233BCFFE00EB3560 /* ViewController.swift */,
				BC765758233BD77C00EB3560 /* Usuario.swift */,
				BC765748233BCFFE00EB3560 /* Main.storyboard */,
				BC765756233BD06E00EB3560 /* Libro.swift */,
				BC76574B233BD00000EB3560 /* Assets.xcassets */,
				BC76574D233BD00000EB3560 /* LaunchScreen.storyboard */,
				BC765750233BD00000EB3560 /* Info.plist */,
			);
			path = optionalsProject;
			sourceTree = "<group>";
		};
/* End PBXGroup section */

/* Begin PBXNativeTarget section */
		BC765740233BCFFE00EB3560 /* optionalsProject */ = {
			isa = PBXNativeTarget;
			buildConfigurationList = BC765753233BD00000EB3560 /* Build configuration list for PBXNativeTarget "optionalsProject" */;
			buildPhases = (
				BC76573D233BCFFE00EB3560 /* Sources */,
				BC76573E233BCFFE00EB3560 /* Frameworks */,
				BC76573F233BCFFE00EB3560 /* Resources */,
			);
			buildRules = (
			);
			dependencies = (
			);
			name = optionalsProject;
			productName = optionalsProject;
			productReference = BC765741233BCFFE00EB3560 /* optionalsProject.app */;
			productType = "com.apple.product-type.application";
		};
/* End PBXNativeTarget section */

/* Begin PBXProject section */
		BC765739233BCFFE00EB3560 /* Project object */ = {
			isa = PBXProject;
			attributes = {
				LastSwiftUpdateCheck = 1030;
				LastUpgradeCheck = 1030;
				ORGANIZATIONNAME = Conde;
				TargetAttributes = {
					BC765740233BCFFE00EB3560 = {
						CreatedOnToolsVersion = 10.3;
					};
				};
			};
			buildConfigurationList = BC76573C233BCFFE00EB3560 /* Build configuration list for PBXProject "optionalsProject" */;
			compatibilityVersion = "Xcode 9.3";
			developmentRegion = en;
			hasScannedForEncodings = 0;
			knownRegions = (
				en,
				Base,
			);
			mainGroup = BC765738233BCFFE00EB3560;
			productRefGroup = BC765742233BCFFE00EB3560 /* Products */;
			projectDirPath = "";
			projectRoot = "";
			targets = (
				BC765740233BCFFE00EB3560 /* optionalsProject */,
			);
		};
/* End PBXProject section */

/* Begin PBXResourcesBuildPhase section */
		BC76573F233BCFFE00EB3560 /* Resources */ = {
			isa = PBXResourcesBuildPhase;
			buildActionMask = 2147483647;
			files = (
				BC76574F233BD00000EB3560 /* LaunchScreen.storyboard in Resources */,
				BC76574C233BD00000EB3560 /* Assets.xcassets in Resources */,
				BC76574A233BCFFE00EB3560 /* Main.storyboard in Resources */,
			);
			runOnlyForDeploymentPostprocessing = 0;
		};
/* End PBXResourcesBuildPhase section */

/* Begin PBXSourcesBuildPhase section */
		BC76573D233BCFFE00EB3560 /* Sources */ = {
			isa = PBXSourcesBuildPhase;
			buildActionMask = 2147483647;
			files = (
				BC765759233BD77C00EB3560 /* Usuario.swift in Sources */,
				BC765757233BD06E00EB3560 /* Libro.swift in Sources */,
				BC765747233BCFFE00EB3560 /* ViewController.swift in Sources */,
				BC765745233BCFFE00EB3560 /* AppDelegate.swift in Sources */,
			);
			runOnlyForDeploymentPostprocessing = 0;
		};
/* End PBXSourcesBuildPhase section */

/* Begin PBXVariantGroup section */
		BC765748233BCFFE00EB3560 /* Main.storyboard */ = {
			isa = PBXVariantGroup;
			children = (
				BC765749233BCFFE00EB3560 /* Base */,
			);
			name = Main.storyboard;
			sourceTree = "<group>";
		};
		BC76574D233BD00000EB3560 /* LaunchScreen.storyboard */ = {
			isa = PBXVariantGroup;
			children = (
				BC76574E233BD00000EB3560 /* Base */,
			);
			name = LaunchScreen.storyboard;
			sourceTree = "<group>";
		};
/* End PBXVariantGroup section */

/* Begin XCBuildConfiguration section */
		BC765751233BD00000EB3560 /* Debug */ = {
			isa = XCBuildConfiguration;
			buildSettings = {
				ALWAYS_SEARCH_USER_PATHS = NO;
				CLANG_ANALYZER_NONNULL = YES;
				CLANG_ANALYZER_NUMBER_OBJECT_CONVERSION = YES_AGGRESSIVE;
				CLANG_CXX_LANGUAGE_STANDARD = "gnu++14";
				CLANG_CXX_LIBRARY = "libc++";
				CLANG_ENABLE_MODULES = YES;
				CLANG_ENABLE_OBJC_ARC = YES;
				CLANG_ENABLE_OBJC_WEAK = YES;
				CLANG_WARN_BLOCK_CAPTURE_AUTORELEASING = YES;
				CLANG_WARN_BOOL_CONVERSION = YES;
				CLANG_WARN_COMMA = YES;
				CLANG_WARN_CONSTANT_CONVERSION = YES;
				CLANG_WARN_DEPRECATED_OBJC_IMPLEMENTATIONS = YES;
				CLANG_WARN_DIRECT_OBJC_ISA_USAGE = YES_ERROR;
				CLANG_WARN_DOCUMENTATION_COMMENTS = YES;
				CLANG_WARN_EMPTY_BODY = YES;
				CLANG_WARN_ENUM_CONVERSION = YES;
				CLANG_WARN_INFINITE_RECURSION = YES;
				CLANG_WARN_INT_CONVERSION = YES;
				CLANG_WARN_NON_LITERAL_NULL_CONVERSION = YES;
				CLANG_WARN_OBJC_IMPLICIT_RETAIN_SELF = YES;
				CLANG_WARN_OBJC_LITERAL_CONVERSION = YES;
				CLANG_WARN_OBJC_ROOT_CLASS = YES_ERROR;
				CLANG_WARN_RANGE_LOOP_ANALYSIS = YES;
				CLANG_WARN_STRICT_PROTOTYPES = YES;
				CLANG_WARN_SUSPICIOUS_MOVE = YES;
				CLANG_WARN_UNGUARDED_AVAILABILITY = YES_AGGRESSIVE;
				CLANG_WARN_UNREACHABLE_CODE = YES;
				CLANG_WARN__DUPLICATE_METHOD_MATCH = YES;
				CODE_SIGN_IDENTITY = "iPhone Developer";
				COPY_PHASE_STRIP = NO;
				DEBUG_INFORMATION_FORMAT = dwarf;
				ENABLE_STRICT_OBJC_MSGSEND = YES;
				ENABLE_TESTABILITY = YES;
				GCC_C_LANGUAGE_STANDARD = gnu11;
				GCC_DYNAMIC_NO_PIC = NO;
				GCC_NO_COMMON_BLOCKS = YES;
				GCC_OPTIMIZATION_LEVEL = 0;
				GCC_PREPROCESSOR_DEFINITIONS = (
					"DEBUG=1",
					"$(inherited)",
				);
				GCC_WARN_64_TO_32_BIT_CONVERSION = YES;
				GCC_WARN_ABOUT_RETURN_TYPE = YES_ERROR;
				GCC_WARN_UNDECLARED_SELECTOR = YES;
				GCC_WARN_UNINITIALIZED_AUTOS = YES_AGGRESSIVE;
				GCC_WARN_UNUSED_FUNCTION = YES;
				GCC_WARN_UNUSED_VARIABLE = YES;
				IPHONEOS_DEPLOYMENT_TARGET = 12.4;
				MTL_ENABLE_DEBUG_INFO = INCLUDE_SOURCE;
				MTL_FAST_MATH = YES;
				ONLY_ACTIVE_ARCH = YES;
				SDKROOT = iphoneos;
				SWIFT_ACTIVE_COMPILATION_CONDITIONS = DEBUG;
				SWIFT_OPTIMIZATION_LEVEL = "-Onone";
			};
			name = Debug;
		};
		BC765752233BD00000EB3560 /* Release */ = {
			isa = XCBuildConfiguration;
			buildSettings = {
				ALWAYS_SEARCH_USER_PATHS = NO;
				CLANG_ANALYZER_NONNULL = YES;
				CLANG_ANALYZER_NUMBER_OBJECT_CONVERSION = YES_AGGRESSIVE;
				CLANG_CXX_LANGUAGE_STANDARD = "gnu++14";
				CLANG_CXX_LIBRARY = "libc++";
				CLANG_ENABLE_MODULES = YES;
				CLANG_ENABLE_OBJC_ARC = YES;
				CLANG_ENABLE_OBJC_WEAK = YES;
				CLANG_WARN_BLOCK_CAPTURE_AUTORELEASING = YES;
				CLANG_WARN_BOOL_CONVERSION = YES;
				CLANG_WARN_COMMA = YES;
				CLANG_WARN_CONSTANT_CONVERSION = YES;
				CLANG_WARN_DEPRECATED_OBJC_IMPLEMENTATIONS = YES;
				CLANG_WARN_DIRECT_OBJC_ISA_USAGE = YES_ERROR;
				CLANG_WARN_DOCUMENTATION_COMMENTS = YES;
				CLANG_WARN_EMPTY_BODY = YES;
				CLANG_WARN_ENUM_CONVERSION = YES;
				CLANG_WARN_INFINITE_RECURSION = YES;
				CLANG_WARN_INT_CONVERSION = YES;
				CLANG_WARN_NON_LITERAL_NULL_CONVERSION = YES;
				CLANG_WARN_OBJC_IMPLICIT_RETAIN_SELF = YES;
				CLANG_WARN_OBJC_LITERAL_CONVERSION = YES;
				CLANG_WARN_OBJC_ROOT_CLASS = YES_ERROR;
				CLANG_WARN_RANGE_LOOP_ANALYSIS = YES;
				CLANG_WARN_STRICT_PROTOTYPES = YES;
				CLANG_WARN_SUSPICIOUS_MOVE = YES;
				CLANG_WARN_UNGUARDED_AVAILABILITY = YES_AGGRESSIVE;
				CLANG_WARN_UNREACHABLE_CODE = YES;
				CLANG_WARN__DUPLICATE_METHOD_MATCH = YES;
				CODE_SIGN_IDENTITY = "iPhone Developer";
				COPY_PHASE_STRIP = NO;
				DEBUG_INFORMATION_FORMAT = "dwarf-with-dsym";
				ENABLE_NS_ASSERTIONS = NO;
				ENABLE_STRICT_OBJC_MSGSEND = YES;
				GCC_C_LANGUAGE_STANDARD = gnu11;
				GCC_NO_COMMON_BLOCKS = YES;
				GCC_WARN_64_TO_32_BIT_CONVERSION = YES;
				GCC_WARN_ABOUT_RETURN_TYPE = YES_ERROR;
				GCC_WARN_UNDECLARED_SELECTOR = YES;
				GCC_WARN_UNINITIALIZED_AUTOS = YES_AGGRESSIVE;
				GCC_WARN_UNUSED_FUNCTION = YES;
				GCC_WARN_UNUSED_VARIABLE = YES;
				IPHONEOS_DEPLOYMENT_TARGET = 12.4;
				MTL_ENABLE_DEBUG_INFO = NO;
				MTL_FAST_MATH = YES;
				SDKROOT = iphoneos;
				SWIFT_COMPILATION_MODE = wholemodule;
				SWIFT_OPTIMIZATION_LEVEL = "-O";
				VALIDATE_PRODUCT = YES;
			};
			name = Release;
		};
		BC765754233BD00000EB3560 /* Debug */ = {
			isa = XCBuildConfiguration;
			buildSettings = {
				ASSETCATALOG_COMPILER_APPICON_NAME = AppIcon;
				CODE_SIGN_STYLE = Automatic;
				INFOPLIST_FILE = optionalsProject/Info.plist;
				LD_RUNPATH_SEARCH_PATHS = (
					"$(inherited)",
					"@executable_path/Frameworks",
				);
				PRODUCT_BUNDLE_IDENTIFIER = mx.unam.optionalsProject;
				PRODUCT_NAME = "$(TARGET_NAME)";
				SWIFT_VERSION = 5.0;
				TARGETED_DEVICE_FAMILY = "1,2";
			};
			name = Debug;
		};
		BC765755233BD00000EB3560 /* Release */ = {
			isa = XCBuildConfiguration;
			buildSettings = {
				ASSETCATALOG_COMPILER_APPICON_NAME = AppIcon;
				CODE_SIGN_STYLE = Automatic;
				INFOPLIST_FILE = optionalsProject/Info.plist;
				LD_RUNPATH_SEARCH_PATHS = (
					"$(inherited)",
					"@executable_path/Frameworks",
				);
				PRODUCT_BUNDLE_IDENTIFIER = mx.unam.optionalsProject;
				PRODUCT_NAME = "$(TARGET_NAME)";
				SWIFT_VERSION = 5.0;
				TARGETED_DEVICE_FAMILY = "1,2";
			};
			name = Release;
		};
/* End XCBuildConfiguration section */

/* Begin XCConfigurationList section */
		BC76573C233BCFFE00EB3560 /* Build configuration list for PBXProject "optionalsProject" */ = {
			isa = XCConfigurationList;
			buildConfigurations = (
				BC765751233BD00000EB3560 /* Debug */,
				BC765752233BD00000EB3560 /* Release */,
			);
			defaultConfigurationIsVisible = 0;
			defaultConfigurationName = Release;
		};
		BC765753233BD00000EB3560 /* Build configuration list for PBXNativeTarget "optionalsProject" */ = {
			isa = XCConfigurationList;
			buildConfigurations = (
				BC765754233BD00000EB3560 /* Debug */,
				BC765755233BD00000EB3560 /* Release */,
			);
			defaultConfigurationIsVisible = 0;
			defaultConfigurationName = Release;
		};
/* End XCConfigurationList section */
	};
	rootObject = BC765739233BCFFE00EB3560 /* Project object */;
}
